// !$*UTF8*$!
{
	archiveVersion = 1;
	classes = {
	};
	objectVersion = 56;
	objects = {

/* Begin PBXBuildFile section */
		CDDAA0A92A2B5422001AE440 /* ABNLocations.framework in Frameworks */ = {isa = PBXBuildFile; fileRef = CDDAA0A02A2B5422001AE440 /* ABNLocations.framework */; };
		CDDAA0AF2A2B5422001AE440 /* ABNLocations.h in Headers */ = {isa = PBXBuildFile; fileRef = CDDAA0A32A2B5422001AE440 /* ABNLocations.h */; settings = {ATTRIBUTES = (Public, ); }; };
		CDDAA0BA2A2B553D001AE440 /* URLSessionHTTPClientTests.swift in Sources */ = {isa = PBXBuildFile; fileRef = CDDAA0B92A2B553D001AE440 /* URLSessionHTTPClientTests.swift */; };
		CDDAA0BD2A2B5642001AE440 /* URLProtocolStub.swift in Sources */ = {isa = PBXBuildFile; fileRef = CDDAA0BC2A2B5642001AE440 /* URLProtocolStub.swift */; };
		CDDAA0C02A2B577B001AE440 /* XCTestCase+MemoryLeakTracking.swift in Sources */ = {isa = PBXBuildFile; fileRef = CDDAA0BF2A2B577B001AE440 /* XCTestCase+MemoryLeakTracking.swift */; };
		CDDAA0C32A2B5862001AE440 /* URLSessionHTTPClient.swift in Sources */ = {isa = PBXBuildFile; fileRef = CDDAA0C22A2B5862001AE440 /* URLSessionHTTPClient.swift */; };
		CDDAA0C52A2B5876001AE440 /* HTTPClient.swift in Sources */ = {isa = PBXBuildFile; fileRef = CDDAA0C42A2B5876001AE440 /* HTTPClient.swift */; };
/* End PBXBuildFile section */

/* Begin PBXContainerItemProxy section */
		CDDAA0AA2A2B5422001AE440 /* PBXContainerItemProxy */ = {
			isa = PBXContainerItemProxy;
			containerPortal = CDDAA0972A2B5422001AE440 /* Project object */;
			proxyType = 1;
			remoteGlobalIDString = CDDAA09F2A2B5422001AE440;
			remoteInfo = ABNLocations;
		};
/* End PBXContainerItemProxy section */

/* Begin PBXFileReference section */
		CDDAA0A02A2B5422001AE440 /* ABNLocations.framework */ = {isa = PBXFileReference; explicitFileType = wrapper.framework; includeInIndex = 0; path = ABNLocations.framework; sourceTree = BUILT_PRODUCTS_DIR; };
		CDDAA0A32A2B5422001AE440 /* ABNLocations.h */ = {isa = PBXFileReference; lastKnownFileType = sourcecode.c.h; path = ABNLocations.h; sourceTree = "<group>"; };
		CDDAA0A82A2B5422001AE440 /* ABNLocationsTests.xctest */ = {isa = PBXFileReference; explicitFileType = wrapper.cfbundle; includeInIndex = 0; path = ABNLocationsTests.xctest; sourceTree = BUILT_PRODUCTS_DIR; };
		CDDAA0B92A2B553D001AE440 /* URLSessionHTTPClientTests.swift */ = {isa = PBXFileReference; lastKnownFileType = sourcecode.swift; path = URLSessionHTTPClientTests.swift; sourceTree = "<group>"; };
		CDDAA0BC2A2B5642001AE440 /* URLProtocolStub.swift */ = {isa = PBXFileReference; lastKnownFileType = sourcecode.swift; path = URLProtocolStub.swift; sourceTree = "<group>"; };
		CDDAA0BF2A2B577B001AE440 /* XCTestCase+MemoryLeakTracking.swift */ = {isa = PBXFileReference; lastKnownFileType = sourcecode.swift; path = "XCTestCase+MemoryLeakTracking.swift"; sourceTree = "<group>"; };
		CDDAA0C22A2B5862001AE440 /* URLSessionHTTPClient.swift */ = {isa = PBXFileReference; lastKnownFileType = sourcecode.swift; path = URLSessionHTTPClient.swift; sourceTree = "<group>"; };
		CDDAA0C42A2B5876001AE440 /* HTTPClient.swift */ = {isa = PBXFileReference; lastKnownFileType = sourcecode.swift; path = HTTPClient.swift; sourceTree = "<group>"; };
/* End PBXFileReference section */

/* Begin PBXFrameworksBuildPhase section */
		CDDAA09D2A2B5422001AE440 /* Frameworks */ = {
			isa = PBXFrameworksBuildPhase;
			buildActionMask = 2147483647;
			files = (
			);
			runOnlyForDeploymentPostprocessing = 0;
		};
		CDDAA0A52A2B5422001AE440 /* Frameworks */ = {
			isa = PBXFrameworksBuildPhase;
			buildActionMask = 2147483647;
			files = (
				CDDAA0A92A2B5422001AE440 /* ABNLocations.framework in Frameworks */,
			);
			runOnlyForDeploymentPostprocessing = 0;
		};
/* End PBXFrameworksBuildPhase section */

/* Begin PBXGroup section */
		CDDAA0962A2B5422001AE440 = {
			isa = PBXGroup;
			children = (
				CDDAA0A22A2B5422001AE440 /* ABNLocations */,
				CDDAA0AC2A2B5422001AE440 /* ABNLocationsTests */,
				CDDAA0A12A2B5422001AE440 /* Products */,
			);
			sourceTree = "<group>";
		};
		CDDAA0A12A2B5422001AE440 /* Products */ = {
			isa = PBXGroup;
			children = (
				CDDAA0A02A2B5422001AE440 /* ABNLocations.framework */,
				CDDAA0A82A2B5422001AE440 /* ABNLocationsTests.xctest */,
			);
			name = Products;
			sourceTree = "<group>";
		};
		CDDAA0A22A2B5422001AE440 /* ABNLocations */ = {
			isa = PBXGroup;
			children = (
				CDDAA0C12A2B5807001AE440 /* Shared API Infra */,
				CDDAA0A32A2B5422001AE440 /* ABNLocations.h */,
			);
			path = ABNLocations;
			sourceTree = "<group>";
		};
		CDDAA0AC2A2B5422001AE440 /* ABNLocationsTests */ = {
			isa = PBXGroup;
			children = (
				CDDAA0BE2A2B5767001AE440 /* Helpers */,
				CDDAA0B82A2B550F001AE440 /* Shared API Infra */,
			);
			path = ABNLocationsTests;
			sourceTree = "<group>";
		};
		CDDAA0B82A2B550F001AE440 /* Shared API Infra */ = {
			isa = PBXGroup;
			children = (
				CDDAA0BB2A2B562A001AE440 /* Helpers */,
				CDDAA0B92A2B553D001AE440 /* URLSessionHTTPClientTests.swift */,
			);
			path = "Shared API Infra";
			sourceTree = "<group>";
		};
		CDDAA0BB2A2B562A001AE440 /* Helpers */ = {
			isa = PBXGroup;
			children = (
				CDDAA0BC2A2B5642001AE440 /* URLProtocolStub.swift */,
			);
			path = Helpers;
			sourceTree = "<group>";
		};
		CDDAA0BE2A2B5767001AE440 /* Helpers */ = {
			isa = PBXGroup;
			children = (
				CDDAA0BF2A2B577B001AE440 /* XCTestCase+MemoryLeakTracking.swift */,
			);
			path = Helpers;
			sourceTree = "<group>";
		};
		CDDAA0C12A2B5807001AE440 /* Shared API Infra */ = {
			isa = PBXGroup;
			children = (
				CDDAA0C22A2B5862001AE440 /* URLSessionHTTPClient.swift */,
				CDDAA0C42A2B5876001AE440 /* HTTPClient.swift */,
			);
			path = "Shared API Infra";
			sourceTree = "<group>";
		};
/* End PBXGroup section */

/* Begin PBXHeadersBuildPhase section */
		CDDAA09B2A2B5422001AE440 /* Headers */ = {
			isa = PBXHeadersBuildPhase;
			buildActionMask = 2147483647;
			files = (
				CDDAA0AF2A2B5422001AE440 /* ABNLocations.h in Headers */,
			);
			runOnlyForDeploymentPostprocessing = 0;
		};
/* End PBXHeadersBuildPhase section */

/* Begin PBXNativeTarget section */
		CDDAA09F2A2B5422001AE440 /* ABNLocations */ = {
			isa = PBXNativeTarget;
			buildConfigurationList = CDDAA0B22A2B5422001AE440 /* Build configuration list for PBXNativeTarget "ABNLocations" */;
			buildPhases = (
				CDDAA09B2A2B5422001AE440 /* Headers */,
				CDDAA09C2A2B5422001AE440 /* Sources */,
				CDDAA09D2A2B5422001AE440 /* Frameworks */,
				CDDAA09E2A2B5422001AE440 /* Resources */,
			);
			buildRules = (
			);
			dependencies = (
			);
			name = ABNLocations;
			productName = ABNLocations;
			productReference = CDDAA0A02A2B5422001AE440 /* ABNLocations.framework */;
			productType = "com.apple.product-type.framework";
		};
		CDDAA0A72A2B5422001AE440 /* ABNLocationsTests */ = {
			isa = PBXNativeTarget;
			buildConfigurationList = CDDAA0B52A2B5422001AE440 /* Build configuration list for PBXNativeTarget "ABNLocationsTests" */;
			buildPhases = (
				CDDAA0A42A2B5422001AE440 /* Sources */,
				CDDAA0A52A2B5422001AE440 /* Frameworks */,
				CDDAA0A62A2B5422001AE440 /* Resources */,
			);
			buildRules = (
			);
			dependencies = (
				CDDAA0AB2A2B5422001AE440 /* PBXTargetDependency */,
			);
			name = ABNLocationsTests;
			productName = ABNLocationsTests;
			productReference = CDDAA0A82A2B5422001AE440 /* ABNLocationsTests.xctest */;
			productType = "com.apple.product-type.bundle.unit-test";
		};
/* End PBXNativeTarget section */

/* Begin PBXProject section */
		CDDAA0972A2B5422001AE440 /* Project object */ = {
			isa = PBXProject;
			attributes = {
				BuildIndependentTargetsInParallel = 1;
				LastSwiftUpdateCheck = 1430;
				LastUpgradeCheck = 1430;
				TargetAttributes = {
					CDDAA09F2A2B5422001AE440 = {
						CreatedOnToolsVersion = 14.3.1;
						LastSwiftMigration = 1430;
					};
					CDDAA0A72A2B5422001AE440 = {
						CreatedOnToolsVersion = 14.3.1;
					};
				};
			};
			buildConfigurationList = CDDAA09A2A2B5422001AE440 /* Build configuration list for PBXProject "ABNLocations" */;
			compatibilityVersion = "Xcode 14.0";
			developmentRegion = en;
			hasScannedForEncodings = 0;
			knownRegions = (
				en,
				Base,
			);
			mainGroup = CDDAA0962A2B5422001AE440;
			productRefGroup = CDDAA0A12A2B5422001AE440 /* Products */;
			projectDirPath = "";
			projectRoot = "";
			targets = (
				CDDAA09F2A2B5422001AE440 /* ABNLocations */,
				CDDAA0A72A2B5422001AE440 /* ABNLocationsTests */,
			);
		};
/* End PBXProject section */

/* Begin PBXResourcesBuildPhase section */
		CDDAA09E2A2B5422001AE440 /* Resources */ = {
			isa = PBXResourcesBuildPhase;
			buildActionMask = 2147483647;
			files = (
			);
			runOnlyForDeploymentPostprocessing = 0;
		};
		CDDAA0A62A2B5422001AE440 /* Resources */ = {
			isa = PBXResourcesBuildPhase;
			buildActionMask = 2147483647;
			files = (
			);
			runOnlyForDeploymentPostprocessing = 0;
		};
/* End PBXResourcesBuildPhase section */

/* Begin PBXSourcesBuildPhase section */
		CDDAA09C2A2B5422001AE440 /* Sources */ = {
			isa = PBXSourcesBuildPhase;
			buildActionMask = 2147483647;
			files = (
				CDDAA0C52A2B5876001AE440 /* HTTPClient.swift in Sources */,
				CDDAA0C32A2B5862001AE440 /* URLSessionHTTPClient.swift in Sources */,
			);
			runOnlyForDeploymentPostprocessing = 0;
		};
		CDDAA0A42A2B5422001AE440 /* Sources */ = {
			isa = PBXSourcesBuildPhase;
			buildActionMask = 2147483647;
			files = (
				CDDAA0BA2A2B553D001AE440 /* URLSessionHTTPClientTests.swift in Sources */,
				CDDAA0BD2A2B5642001AE440 /* URLProtocolStub.swift in Sources */,
				CDDAA0C02A2B577B001AE440 /* XCTestCase+MemoryLeakTracking.swift in Sources */,
			);
			runOnlyForDeploymentPostprocessing = 0;
		};
/* End PBXSourcesBuildPhase section */

/* Begin PBXTargetDependency section */
		CDDAA0AB2A2B5422001AE440 /* PBXTargetDependency */ = {
			isa = PBXTargetDependency;
			target = CDDAA09F2A2B5422001AE440 /* ABNLocations */;
			targetProxy = CDDAA0AA2A2B5422001AE440 /* PBXContainerItemProxy */;
		};
/* End PBXTargetDependency section */

/* Begin XCBuildConfiguration section */
		CDDAA0B02A2B5422001AE440 /* Debug */ = {
			isa = XCBuildConfiguration;
			buildSettings = {
				ALWAYS_SEARCH_USER_PATHS = NO;
				CLANG_ANALYZER_NONNULL = YES;
				CLANG_ANALYZER_NUMBER_OBJECT_CONVERSION = YES_AGGRESSIVE;
				CLANG_CXX_LANGUAGE_STANDARD = "gnu++20";
				CLANG_ENABLE_MODULES = YES;
				CLANG_ENABLE_OBJC_ARC = YES;
				CLANG_ENABLE_OBJC_WEAK = YES;
				CLANG_WARN_BLOCK_CAPTURE_AUTORELEASING = YES;
				CLANG_WARN_BOOL_CONVERSION = YES;
				CLANG_WARN_COMMA = YES;
				CLANG_WARN_CONSTANT_CONVERSION = YES;
				CLANG_WARN_DEPRECATED_OBJC_IMPLEMENTATIONS = YES;
				CLANG_WARN_DIRECT_OBJC_ISA_USAGE = YES_ERROR;
				CLANG_WARN_DOCUMENTATION_COMMENTS = YES;
				CLANG_WARN_EMPTY_BODY = YES;
				CLANG_WARN_ENUM_CONVERSION = YES;
				CLANG_WARN_INFINITE_RECURSION = YES;
				CLANG_WARN_INT_CONVERSION = YES;
				CLANG_WARN_NON_LITERAL_NULL_CONVERSION = YES;
				CLANG_WARN_OBJC_IMPLICIT_RETAIN_SELF = YES;
				CLANG_WARN_OBJC_LITERAL_CONVERSION = YES;
				CLANG_WARN_OBJC_ROOT_CLASS = YES_ERROR;
				CLANG_WARN_QUOTED_INCLUDE_IN_FRAMEWORK_HEADER = YES;
				CLANG_WARN_RANGE_LOOP_ANALYSIS = YES;
				CLANG_WARN_STRICT_PROTOTYPES = YES;
				CLANG_WARN_SUSPICIOUS_MOVE = YES;
				CLANG_WARN_UNGUARDED_AVAILABILITY = YES_AGGRESSIVE;
				CLANG_WARN_UNREACHABLE_CODE = YES;
				CLANG_WARN__DUPLICATE_METHOD_MATCH = YES;
				COPY_PHASE_STRIP = NO;
				CURRENT_PROJECT_VERSION = 1;
				DEBUG_INFORMATION_FORMAT = dwarf;
				ENABLE_STRICT_OBJC_MSGSEND = YES;
				ENABLE_TESTABILITY = YES;
				GCC_C_LANGUAGE_STANDARD = gnu11;
				GCC_DYNAMIC_NO_PIC = NO;
				GCC_NO_COMMON_BLOCKS = YES;
				GCC_OPTIMIZATION_LEVEL = 0;
				GCC_PREPROCESSOR_DEFINITIONS = (
					"DEBUG=1",
					"$(inherited)",
				);
				GCC_WARN_64_TO_32_BIT_CONVERSION = YES;
				GCC_WARN_ABOUT_RETURN_TYPE = YES_ERROR;
				GCC_WARN_UNDECLARED_SELECTOR = YES;
				GCC_WARN_UNINITIALIZED_AUTOS = YES_AGGRESSIVE;
				GCC_WARN_UNUSED_FUNCTION = YES;
				GCC_WARN_UNUSED_VARIABLE = YES;
				MACOSX_DEPLOYMENT_TARGET = 13.3;
				MTL_ENABLE_DEBUG_INFO = INCLUDE_SOURCE;
				MTL_FAST_MATH = YES;
				ONLY_ACTIVE_ARCH = YES;
				SDKROOT = macosx;
				SWIFT_ACTIVE_COMPILATION_CONDITIONS = DEBUG;
				SWIFT_OPTIMIZATION_LEVEL = "-Onone";
				VERSIONING_SYSTEM = "apple-generic";
				VERSION_INFO_PREFIX = "";
			};
			name = Debug;
		};
		CDDAA0B12A2B5422001AE440 /* Release */ = {
			isa = XCBuildConfiguration;
			buildSettings = {
				ALWAYS_SEARCH_USER_PATHS = NO;
				CLANG_ANALYZER_NONNULL = YES;
				CLANG_ANALYZER_NUMBER_OBJECT_CONVERSION = YES_AGGRESSIVE;
				CLANG_CXX_LANGUAGE_STANDARD = "gnu++20";
				CLANG_ENABLE_MODULES = YES;
				CLANG_ENABLE_OBJC_ARC = YES;
				CLANG_ENABLE_OBJC_WEAK = YES;
				CLANG_WARN_BLOCK_CAPTURE_AUTORELEASING = YES;
				CLANG_WARN_BOOL_CONVERSION = YES;
				CLANG_WARN_COMMA = YES;
				CLANG_WARN_CONSTANT_CONVERSION = YES;
				CLANG_WARN_DEPRECATED_OBJC_IMPLEMENTATIONS = YES;
				CLANG_WARN_DIRECT_OBJC_ISA_USAGE = YES_ERROR;
				CLANG_WARN_DOCUMENTATION_COMMENTS = YES;
				CLANG_WARN_EMPTY_BODY = YES;
				CLANG_WARN_ENUM_CONVERSION = YES;
				CLANG_WARN_INFINITE_RECURSION = YES;
				CLANG_WARN_INT_CONVERSION = YES;
				CLANG_WARN_NON_LITERAL_NULL_CONVERSION = YES;
				CLANG_WARN_OBJC_IMPLICIT_RETAIN_SELF = YES;
				CLANG_WARN_OBJC_LITERAL_CONVERSION = YES;
				CLANG_WARN_OBJC_ROOT_CLASS = YES_ERROR;
				CLANG_WARN_QUOTED_INCLUDE_IN_FRAMEWORK_HEADER = YES;
				CLANG_WARN_RANGE_LOOP_ANALYSIS = YES;
				CLANG_WARN_STRICT_PROTOTYPES = YES;
				CLANG_WARN_SUSPICIOUS_MOVE = YES;
				CLANG_WARN_UNGUARDED_AVAILABILITY = YES_AGGRESSIVE;
				CLANG_WARN_UNREACHABLE_CODE = YES;
				CLANG_WARN__DUPLICATE_METHOD_MATCH = YES;
				COPY_PHASE_STRIP = NO;
				CURRENT_PROJECT_VERSION = 1;
				DEBUG_INFORMATION_FORMAT = "dwarf-with-dsym";
				ENABLE_NS_ASSERTIONS = NO;
				ENABLE_STRICT_OBJC_MSGSEND = YES;
				GCC_C_LANGUAGE_STANDARD = gnu11;
				GCC_NO_COMMON_BLOCKS = YES;
				GCC_WARN_64_TO_32_BIT_CONVERSION = YES;
				GCC_WARN_ABOUT_RETURN_TYPE = YES_ERROR;
				GCC_WARN_UNDECLARED_SELECTOR = YES;
				GCC_WARN_UNINITIALIZED_AUTOS = YES_AGGRESSIVE;
				GCC_WARN_UNUSED_FUNCTION = YES;
				GCC_WARN_UNUSED_VARIABLE = YES;
				MACOSX_DEPLOYMENT_TARGET = 13.3;
				MTL_ENABLE_DEBUG_INFO = NO;
				MTL_FAST_MATH = YES;
				SDKROOT = macosx;
				SWIFT_COMPILATION_MODE = wholemodule;
				SWIFT_OPTIMIZATION_LEVEL = "-O";
				VERSIONING_SYSTEM = "apple-generic";
				VERSION_INFO_PREFIX = "";
			};
			name = Release;
		};
		CDDAA0B32A2B5422001AE440 /* Debug */ = {
			isa = XCBuildConfiguration;
			buildSettings = {
				CLANG_ENABLE_MODULES = YES;
				CODE_SIGN_STYLE = Automatic;
				COMBINE_HIDPI_IMAGES = YES;
				CURRENT_PROJECT_VERSION = 1;
				DEFINES_MODULE = YES;
				DYLIB_COMPATIBILITY_VERSION = 1;
				DYLIB_CURRENT_VERSION = 1;
				DYLIB_INSTALL_NAME_BASE = "@rpath";
				ENABLE_MODULE_VERIFIER = YES;
				GENERATE_INFOPLIST_FILE = YES;
				INFOPLIST_KEY_NSHumanReadableCopyright = "";
				INSTALL_PATH = "$(LOCAL_LIBRARY_DIR)/Frameworks";
				LD_RUNPATH_SEARCH_PATHS = (
					"$(inherited)",
					"@executable_path/../Frameworks",
					"@loader_path/Frameworks",
				);
				MARKETING_VERSION = 1.0;
				MODULE_VERIFIER_SUPPORTED_LANGUAGES = "objective-c objective-c++";
				MODULE_VERIFIER_SUPPORTED_LANGUAGE_STANDARDS = "gnu11 gnu++20";
				PRODUCT_BUNDLE_IDENTIFIER = com.test.ABNLocations;
				PRODUCT_NAME = "$(TARGET_NAME:c99extidentifier)";
				SKIP_INSTALL = YES;
				SWIFT_EMIT_LOC_STRINGS = YES;
				SWIFT_OPTIMIZATION_LEVEL = "-Onone";
				SWIFT_VERSION = 5.0;
			};
			name = Debug;
		};
		CDDAA0B42A2B5422001AE440 /* Release */ = {
			isa = XCBuildConfiguration;
			buildSettings = {
				CLANG_ENABLE_MODULES = YES;
				CODE_SIGN_STYLE = Automatic;
				COMBINE_HIDPI_IMAGES = YES;
				CURRENT_PROJECT_VERSION = 1;
				DEFINES_MODULE = YES;
				DYLIB_COMPATIBILITY_VERSION = 1;
				DYLIB_CURRENT_VERSION = 1;
				DYLIB_INSTALL_NAME_BASE = "@rpath";
				ENABLE_MODULE_VERIFIER = YES;
				GENERATE_INFOPLIST_FILE = YES;
				INFOPLIST_KEY_NSHumanReadableCopyright = "";
				INSTALL_PATH = "$(LOCAL_LIBRARY_DIR)/Frameworks";
				LD_RUNPATH_SEARCH_PATHS = (
					"$(inherited)",
					"@executable_path/../Frameworks",
					"@loader_path/Frameworks",
				);
				MARKETING_VERSION = 1.0;
				MODULE_VERIFIER_SUPPORTED_LANGUAGES = "objective-c objective-c++";
				MODULE_VERIFIER_SUPPORTED_LANGUAGE_STANDARDS = "gnu11 gnu++20";
				PRODUCT_BUNDLE_IDENTIFIER = com.test.ABNLocations;
				PRODUCT_NAME = "$(TARGET_NAME:c99extidentifier)";
				SKIP_INSTALL = YES;
				SWIFT_EMIT_LOC_STRINGS = YES;
				SWIFT_VERSION = 5.0;
			};
			name = Release;
		};
		CDDAA0B62A2B5422001AE440 /* Debug */ = {
			isa = XCBuildConfiguration;
			buildSettings = {
				ALWAYS_EMBED_SWIFT_STANDARD_LIBRARIES = YES;
				CODE_SIGN_STYLE = Automatic;
				CURRENT_PROJECT_VERSION = 1;
				GENERATE_INFOPLIST_FILE = YES;
				MARKETING_VERSION = 1.0;
				PRODUCT_BUNDLE_IDENTIFIER = com.test.ABNLocationsTests;
				PRODUCT_NAME = "$(TARGET_NAME)";
				SWIFT_EMIT_LOC_STRINGS = NO;
				SWIFT_VERSION = 5.0;
			};
			name = Debug;
		};
		CDDAA0B72A2B5422001AE440 /* Release */ = {
			isa = XCBuildConfiguration;
			buildSettings = {
				ALWAYS_EMBED_SWIFT_STANDARD_LIBRARIES = YES;
				CODE_SIGN_STYLE = Automatic;
				CURRENT_PROJECT_VERSION = 1;
				GENERATE_INFOPLIST_FILE = YES;
				MARKETING_VERSION = 1.0;
				PRODUCT_BUNDLE_IDENTIFIER = com.test.ABNLocationsTests;
				PRODUCT_NAME = "$(TARGET_NAME)";
				SWIFT_EMIT_LOC_STRINGS = NO;
				SWIFT_VERSION = 5.0;
			};
			name = Release;
		};
/* End XCBuildConfiguration section */

/* Begin XCConfigurationList section */
		CDDAA09A2A2B5422001AE440 /* Build configuration list for PBXProject "ABNLocations" */ = {
			isa = XCConfigurationList;
			buildConfigurations = (
				CDDAA0B02A2B5422001AE440 /* Debug */,
				CDDAA0B12A2B5422001AE440 /* Release */,
			);
			defaultConfigurationIsVisible = 0;
			defaultConfigurationName = Release;
		};
		CDDAA0B22A2B5422001AE440 /* Build configuration list for PBXNativeTarget "ABNLocations" */ = {
			isa = XCConfigurationList;
			buildConfigurations = (
				CDDAA0B32A2B5422001AE440 /* Debug */,
				CDDAA0B42A2B5422001AE440 /* Release */,
			);
			defaultConfigurationIsVisible = 0;
			defaultConfigurationName = Release;
		};
		CDDAA0B52A2B5422001AE440 /* Build configuration list for PBXNativeTarget "ABNLocationsTests" */ = {
			isa = XCConfigurationList;
			buildConfigurations = (
				CDDAA0B62A2B5422001AE440 /* Debug */,
				CDDAA0B72A2B5422001AE440 /* Release */,
			);
			defaultConfigurationIsVisible = 0;
			defaultConfigurationName = Release;
		};
/* End XCConfigurationList section */
	};
	rootObject = CDDAA0972A2B5422001AE440 /* Project object */;
}
