// !$*UTF8*$!
{
	archiveVersion = 1;
	classes = {
	};
	objectVersion = 56;
	objects = {

/* Begin PBXBuildFile section */
		CD0B261D2A2F700600B9739F /* LocationsUIIntegrationTests.swift in Sources */ = {isa = PBXBuildFile; fileRef = CD0B261C2A2F700600B9739F /* LocationsUIIntegrationTests.swift */; };
		CD0B26202A2F70CB00B9739F /* XCTestCase+MemoryLeakTracking.swift in Sources */ = {isa = PBXBuildFile; fileRef = CD0B261F2A2F70CB00B9739F /* XCTestCase+MemoryLeakTracking.swift */; };
		CD6660352A2CC7FA0057F70F /* AppDelegate.swift in Sources */ = {isa = PBXBuildFile; fileRef = CD6660342A2CC7FA0057F70F /* AppDelegate.swift */; };
		CD6660372A2CC7FA0057F70F /* SceneDelegate.swift in Sources */ = {isa = PBXBuildFile; fileRef = CD6660362A2CC7FA0057F70F /* SceneDelegate.swift */; };
		CD66603E2A2CC7FB0057F70F /* Assets.xcassets in Resources */ = {isa = PBXBuildFile; fileRef = CD66603D2A2CC7FB0057F70F /* Assets.xcassets */; };
		CD6660412A2CC7FB0057F70F /* LaunchScreen.storyboard in Resources */ = {isa = PBXBuildFile; fileRef = CD66603F2A2CC7FB0057F70F /* LaunchScreen.storyboard */; };
		CD66604C2A2CC7FC0057F70F /* SceneDelegateTests.swift in Sources */ = {isa = PBXBuildFile; fileRef = CD66604B2A2CC7FC0057F70F /* SceneDelegateTests.swift */; };
		CD6660652A2CCCA80057F70F /* LocationUIComposer.swift in Sources */ = {isa = PBXBuildFile; fileRef = CD6660642A2CCCA80057F70F /* LocationUIComposer.swift */; };
		CD6660672A2CCE770057F70F /* WeakRefVirtualProxy.swift in Sources */ = {isa = PBXBuildFile; fileRef = CD6660662A2CCE770057F70F /* WeakRefVirtualProxy.swift */; };
		CD66606A2A2CDEE80057F70F /* CombineHelpers.swift in Sources */ = {isa = PBXBuildFile; fileRef = CD6660692A2CDEE80057F70F /* CombineHelpers.swift */; };
		CD66606E2A2CEA670057F70F /* ABNLocationiOS.framework in Frameworks */ = {isa = PBXBuildFile; fileRef = CD66606C2A2CEA670057F70F /* ABNLocationiOS.framework */; };
		CD66606F2A2CEA670057F70F /* ABNLocationiOS.framework in Embed Frameworks */ = {isa = PBXBuildFile; fileRef = CD66606C2A2CEA670057F70F /* ABNLocationiOS.framework */; settings = {ATTRIBUTES = (CodeSignOnCopy, RemoveHeadersOnCopy, ); }; };
		CD6660702A2CEA670057F70F /* ABNLocations.framework in Frameworks */ = {isa = PBXBuildFile; fileRef = CD66606D2A2CEA670057F70F /* ABNLocations.framework */; };
		CD6660712A2CEA670057F70F /* ABNLocations.framework in Embed Frameworks */ = {isa = PBXBuildFile; fileRef = CD66606D2A2CEA670057F70F /* ABNLocations.framework */; settings = {ATTRIBUTES = (CodeSignOnCopy, RemoveHeadersOnCopy, ); }; };
/* End PBXBuildFile section */

/* Begin PBXContainerItemProxy section */
		CD6660482A2CC7FC0057F70F /* PBXContainerItemProxy */ = {
			isa = PBXContainerItemProxy;
			containerPortal = CD6660292A2CC7FA0057F70F /* Project object */;
			proxyType = 1;
			remoteGlobalIDString = CD6660302A2CC7FA0057F70F;
			remoteInfo = ABNLocationsApp;
		};
/* End PBXContainerItemProxy section */

/* Begin PBXCopyFilesBuildPhase section */
		CD6660722A2CEA670057F70F /* Embed Frameworks */ = {
			isa = PBXCopyFilesBuildPhase;
			buildActionMask = 2147483647;
			dstPath = "";
			dstSubfolderSpec = 10;
			files = (
				CD66606F2A2CEA670057F70F /* ABNLocationiOS.framework in Embed Frameworks */,
				CD6660712A2CEA670057F70F /* ABNLocations.framework in Embed Frameworks */,
			);
			name = "Embed Frameworks";
			runOnlyForDeploymentPostprocessing = 0;
		};
/* End PBXCopyFilesBuildPhase section */

/* Begin PBXFileReference section */
		CD0B261B2A2F6F1900B9739F /* ABNLocationsApp.xctestplan */ = {isa = PBXFileReference; lastKnownFileType = file; path = ABNLocationsApp.xctestplan; sourceTree = SOURCE_ROOT; };
		CD0B261C2A2F700600B9739F /* LocationsUIIntegrationTests.swift */ = {isa = PBXFileReference; lastKnownFileType = sourcecode.swift; path = LocationsUIIntegrationTests.swift; sourceTree = "<group>"; };
		CD0B261F2A2F70CB00B9739F /* XCTestCase+MemoryLeakTracking.swift */ = {isa = PBXFileReference; lastKnownFileType = sourcecode.swift; path = "XCTestCase+MemoryLeakTracking.swift"; sourceTree = "<group>"; };
		CD6660312A2CC7FA0057F70F /* ABNLocationsApp.app */ = {isa = PBXFileReference; explicitFileType = wrapper.application; includeInIndex = 0; path = ABNLocationsApp.app; sourceTree = BUILT_PRODUCTS_DIR; };
		CD6660342A2CC7FA0057F70F /* AppDelegate.swift */ = {isa = PBXFileReference; lastKnownFileType = sourcecode.swift; path = AppDelegate.swift; sourceTree = "<group>"; };
		CD6660362A2CC7FA0057F70F /* SceneDelegate.swift */ = {isa = PBXFileReference; lastKnownFileType = sourcecode.swift; path = SceneDelegate.swift; sourceTree = "<group>"; };
		CD66603D2A2CC7FB0057F70F /* Assets.xcassets */ = {isa = PBXFileReference; lastKnownFileType = folder.assetcatalog; path = Assets.xcassets; sourceTree = "<group>"; };
		CD6660402A2CC7FB0057F70F /* Base */ = {isa = PBXFileReference; lastKnownFileType = file.storyboard; name = Base; path = Base.lproj/LaunchScreen.storyboard; sourceTree = "<group>"; };
		CD6660422A2CC7FB0057F70F /* Info.plist */ = {isa = PBXFileReference; lastKnownFileType = text.plist.xml; path = Info.plist; sourceTree = "<group>"; };
		CD6660472A2CC7FC0057F70F /* ABNLocationsAppTests.xctest */ = {isa = PBXFileReference; explicitFileType = wrapper.cfbundle; includeInIndex = 0; path = ABNLocationsAppTests.xctest; sourceTree = BUILT_PRODUCTS_DIR; };
		CD66604B2A2CC7FC0057F70F /* SceneDelegateTests.swift */ = {isa = PBXFileReference; lastKnownFileType = sourcecode.swift; path = SceneDelegateTests.swift; sourceTree = "<group>"; };
		CD6660642A2CCCA80057F70F /* LocationUIComposer.swift */ = {isa = PBXFileReference; lastKnownFileType = sourcecode.swift; path = LocationUIComposer.swift; sourceTree = "<group>"; };
		CD6660662A2CCE770057F70F /* WeakRefVirtualProxy.swift */ = {isa = PBXFileReference; lastKnownFileType = sourcecode.swift; path = WeakRefVirtualProxy.swift; sourceTree = "<group>"; };
		CD6660692A2CDEE80057F70F /* CombineHelpers.swift */ = {isa = PBXFileReference; lastKnownFileType = sourcecode.swift; path = CombineHelpers.swift; sourceTree = "<group>"; };
		CD66606C2A2CEA670057F70F /* ABNLocationiOS.framework */ = {isa = PBXFileReference; explicitFileType = wrapper.framework; path = ABNLocationiOS.framework; sourceTree = BUILT_PRODUCTS_DIR; };
		CD66606D2A2CEA670057F70F /* ABNLocations.framework */ = {isa = PBXFileReference; explicitFileType = wrapper.framework; path = ABNLocations.framework; sourceTree = BUILT_PRODUCTS_DIR; };
/* End PBXFileReference section */

/* Begin PBXFrameworksBuildPhase section */
		CD66602E2A2CC7FA0057F70F /* Frameworks */ = {
			isa = PBXFrameworksBuildPhase;
			buildActionMask = 2147483647;
			files = (
				CD66606E2A2CEA670057F70F /* ABNLocationiOS.framework in Frameworks */,
				CD6660702A2CEA670057F70F /* ABNLocations.framework in Frameworks */,
			);
			runOnlyForDeploymentPostprocessing = 0;
		};
		CD6660442A2CC7FC0057F70F /* Frameworks */ = {
			isa = PBXFrameworksBuildPhase;
			buildActionMask = 2147483647;
			files = (
			);
			runOnlyForDeploymentPostprocessing = 0;
		};
/* End PBXFrameworksBuildPhase section */

/* Begin PBXGroup section */
		CD0B261E2A2F70B000B9739F /* Helpers */ = {
			isa = PBXGroup;
			children = (
				CD0B261F2A2F70CB00B9739F /* XCTestCase+MemoryLeakTracking.swift */,
			);
			path = Helpers;
			sourceTree = "<group>";
		};
		CD6660282A2CC7FA0057F70F = {
			isa = PBXGroup;
			children = (
				CD6660332A2CC7FA0057F70F /* ABNLocationsApp */,
				CD66604A2A2CC7FC0057F70F /* ABNLocationsAppTests */,
				CD6660322A2CC7FA0057F70F /* Products */,
				CD66606B2A2CEA670057F70F /* Frameworks */,
			);
			sourceTree = "<group>";
		};
		CD6660322A2CC7FA0057F70F /* Products */ = {
			isa = PBXGroup;
			children = (
				CD6660312A2CC7FA0057F70F /* ABNLocationsApp.app */,
				CD6660472A2CC7FC0057F70F /* ABNLocationsAppTests.xctest */,
			);
			name = Products;
			sourceTree = "<group>";
		};
		CD6660332A2CC7FA0057F70F /* ABNLocationsApp */ = {
			isa = PBXGroup;
			children = (
				CD6660342A2CC7FA0057F70F /* AppDelegate.swift */,
				CD6660362A2CC7FA0057F70F /* SceneDelegate.swift */,
				CD66603D2A2CC7FB0057F70F /* Assets.xcassets */,
				CD66603F2A2CC7FB0057F70F /* LaunchScreen.storyboard */,
				CD6660422A2CC7FB0057F70F /* Info.plist */,
				CD6660642A2CCCA80057F70F /* LocationUIComposer.swift */,
				CD6660662A2CCE770057F70F /* WeakRefVirtualProxy.swift */,
				CD6660692A2CDEE80057F70F /* CombineHelpers.swift */,
			);
			path = ABNLocationsApp;
			sourceTree = "<group>";
		};
		CD66604A2A2CC7FC0057F70F /* ABNLocationsAppTests */ = {
			isa = PBXGroup;
			children = (
				CD0B261E2A2F70B000B9739F /* Helpers */,
				CD66604B2A2CC7FC0057F70F /* SceneDelegateTests.swift */,
				CD0B261B2A2F6F1900B9739F /* ABNLocationsApp.xctestplan */,
				CD0B261C2A2F700600B9739F /* LocationsUIIntegrationTests.swift */,
			);
			path = ABNLocationsAppTests;
			sourceTree = "<group>";
		};
		CD66606B2A2CEA670057F70F /* Frameworks */ = {
			isa = PBXGroup;
			children = (
				CD66606C2A2CEA670057F70F /* ABNLocationiOS.framework */,
				CD66606D2A2CEA670057F70F /* ABNLocations.framework */,
			);
			name = Frameworks;
			sourceTree = "<group>";
		};
/* End PBXGroup section */

/* Begin PBXNativeTarget section */
		CD6660302A2CC7FA0057F70F /* ABNLocationsApp */ = {
			isa = PBXNativeTarget;
			buildConfigurationList = CD66605B2A2CC7FC0057F70F /* Build configuration list for PBXNativeTarget "ABNLocationsApp" */;
			buildPhases = (
				CD66602D2A2CC7FA0057F70F /* Sources */,
				CD66602E2A2CC7FA0057F70F /* Frameworks */,
				CD66602F2A2CC7FA0057F70F /* Resources */,
				CD6660722A2CEA670057F70F /* Embed Frameworks */,
			);
			buildRules = (
			);
			dependencies = (
			);
			name = ABNLocationsApp;
			productName = ABNLocationsApp;
			productReference = CD6660312A2CC7FA0057F70F /* ABNLocationsApp.app */;
			productType = "com.apple.product-type.application";
		};
		CD6660462A2CC7FC0057F70F /* ABNLocationsAppTests */ = {
			isa = PBXNativeTarget;
			buildConfigurationList = CD66605E2A2CC7FC0057F70F /* Build configuration list for PBXNativeTarget "ABNLocationsAppTests" */;
			buildPhases = (
				CD6660432A2CC7FC0057F70F /* Sources */,
				CD6660442A2CC7FC0057F70F /* Frameworks */,
				CD6660452A2CC7FC0057F70F /* Resources */,
			);
			buildRules = (
			);
			dependencies = (
				CD6660492A2CC7FC0057F70F /* PBXTargetDependency */,
			);
			name = ABNLocationsAppTests;
			productName = ABNLocationsAppTests;
			productReference = CD6660472A2CC7FC0057F70F /* ABNLocationsAppTests.xctest */;
			productType = "com.apple.product-type.bundle.unit-test";
		};
/* End PBXNativeTarget section */

/* Begin PBXProject section */
		CD6660292A2CC7FA0057F70F /* Project object */ = {
			isa = PBXProject;
			attributes = {
				BuildIndependentTargetsInParallel = 1;
				LastSwiftUpdateCheck = 1430;
				LastUpgradeCheck = 1430;
				TargetAttributes = {
					CD6660302A2CC7FA0057F70F = {
						CreatedOnToolsVersion = 14.3.1;
					};
					CD6660462A2CC7FC0057F70F = {
						CreatedOnToolsVersion = 14.3.1;
						TestTargetID = CD6660302A2CC7FA0057F70F;
					};
				};
			};
			buildConfigurationList = CD66602C2A2CC7FA0057F70F /* Build configuration list for PBXProject "ABNLocationsApp" */;
			compatibilityVersion = "Xcode 14.0";
			developmentRegion = en;
			hasScannedForEncodings = 0;
			knownRegions = (
				en,
				Base,
			);
			mainGroup = CD6660282A2CC7FA0057F70F;
			productRefGroup = CD6660322A2CC7FA0057F70F /* Products */;
			projectDirPath = "";
			projectRoot = "";
			targets = (
				CD6660302A2CC7FA0057F70F /* ABNLocationsApp */,
				CD6660462A2CC7FC0057F70F /* ABNLocationsAppTests */,
			);
		};
/* End PBXProject section */

/* Begin PBXResourcesBuildPhase section */
		CD66602F2A2CC7FA0057F70F /* Resources */ = {
			isa = PBXResourcesBuildPhase;
			buildActionMask = 2147483647;
			files = (
				CD6660412A2CC7FB0057F70F /* LaunchScreen.storyboard in Resources */,
				CD66603E2A2CC7FB0057F70F /* Assets.xcassets in Resources */,
			);
			runOnlyForDeploymentPostprocessing = 0;
		};
		CD6660452A2CC7FC0057F70F /* Resources */ = {
			isa = PBXResourcesBuildPhase;
			buildActionMask = 2147483647;
			files = (
			);
			runOnlyForDeploymentPostprocessing = 0;
		};
/* End PBXResourcesBuildPhase section */

/* Begin PBXSourcesBuildPhase section */
		CD66602D2A2CC7FA0057F70F /* Sources */ = {
			isa = PBXSourcesBuildPhase;
			buildActionMask = 2147483647;
			files = (
				CD6660652A2CCCA80057F70F /* LocationUIComposer.swift in Sources */,
				CD6660352A2CC7FA0057F70F /* AppDelegate.swift in Sources */,
				CD6660672A2CCE770057F70F /* WeakRefVirtualProxy.swift in Sources */,
				CD66606A2A2CDEE80057F70F /* CombineHelpers.swift in Sources */,
				CD6660372A2CC7FA0057F70F /* SceneDelegate.swift in Sources */,
			);
			runOnlyForDeploymentPostprocessing = 0;
		};
		CD6660432A2CC7FC0057F70F /* Sources */ = {
			isa = PBXSourcesBuildPhase;
			buildActionMask = 2147483647;
			files = (
				CD66604C2A2CC7FC0057F70F /* SceneDelegateTests.swift in Sources */,
				CD0B261D2A2F700600B9739F /* LocationsUIIntegrationTests.swift in Sources */,
				CD0B26202A2F70CB00B9739F /* XCTestCase+MemoryLeakTracking.swift in Sources */,
			);
			runOnlyForDeploymentPostprocessing = 0;
		};
/* End PBXSourcesBuildPhase section */

/* Begin PBXTargetDependency section */
		CD6660492A2CC7FC0057F70F /* PBXTargetDependency */ = {
			isa = PBXTargetDependency;
			target = CD6660302A2CC7FA0057F70F /* ABNLocationsApp */;
			targetProxy = CD6660482A2CC7FC0057F70F /* PBXContainerItemProxy */;
		};
/* End PBXTargetDependency section */

/* Begin PBXVariantGroup section */
		CD66603F2A2CC7FB0057F70F /* LaunchScreen.storyboard */ = {
			isa = PBXVariantGroup;
			children = (
				CD6660402A2CC7FB0057F70F /* Base */,
			);
			name = LaunchScreen.storyboard;
			sourceTree = "<group>";
		};
/* End PBXVariantGroup section */

/* Begin XCBuildConfiguration section */
		CD6660592A2CC7FC0057F70F /* Debug */ = {
			isa = XCBuildConfiguration;
			buildSettings = {
				ALWAYS_SEARCH_USER_PATHS = NO;
				CLANG_ANALYZER_NONNULL = YES;
				CLANG_ANALYZER_NUMBER_OBJECT_CONVERSION = YES_AGGRESSIVE;
				CLANG_CXX_LANGUAGE_STANDARD = "gnu++20";
				CLANG_ENABLE_MODULES = YES;
				CLANG_ENABLE_OBJC_ARC = YES;
				CLANG_ENABLE_OBJC_WEAK = YES;
				CLANG_WARN_BLOCK_CAPTURE_AUTORELEASING = YES;
				CLANG_WARN_BOOL_CONVERSION = YES;
				CLANG_WARN_COMMA = YES;
				CLANG_WARN_CONSTANT_CONVERSION = YES;
				CLANG_WARN_DEPRECATED_OBJC_IMPLEMENTATIONS = YES;
				CLANG_WARN_DIRECT_OBJC_ISA_USAGE = YES_ERROR;
				CLANG_WARN_DOCUMENTATION_COMMENTS = YES;
				CLANG_WARN_EMPTY_BODY = YES;
				CLANG_WARN_ENUM_CONVERSION = YES;
				CLANG_WARN_INFINITE_RECURSION = YES;
				CLANG_WARN_INT_CONVERSION = YES;
				CLANG_WARN_NON_LITERAL_NULL_CONVERSION = YES;
				CLANG_WARN_OBJC_IMPLICIT_RETAIN_SELF = YES;
				CLANG_WARN_OBJC_LITERAL_CONVERSION = YES;
				CLANG_WARN_OBJC_ROOT_CLASS = YES_ERROR;
				CLANG_WARN_QUOTED_INCLUDE_IN_FRAMEWORK_HEADER = YES;
				CLANG_WARN_RANGE_LOOP_ANALYSIS = YES;
				CLANG_WARN_STRICT_PROTOTYPES = YES;
				CLANG_WARN_SUSPICIOUS_MOVE = YES;
				CLANG_WARN_UNGUARDED_AVAILABILITY = YES_AGGRESSIVE;
				CLANG_WARN_UNREACHABLE_CODE = YES;
				CLANG_WARN__DUPLICATE_METHOD_MATCH = YES;
				COPY_PHASE_STRIP = NO;
				DEBUG_INFORMATION_FORMAT = dwarf;
				ENABLE_STRICT_OBJC_MSGSEND = YES;
				ENABLE_TESTABILITY = YES;
				GCC_C_LANGUAGE_STANDARD = gnu11;
				GCC_DYNAMIC_NO_PIC = NO;
				GCC_NO_COMMON_BLOCKS = YES;
				GCC_OPTIMIZATION_LEVEL = 0;
				GCC_PREPROCESSOR_DEFINITIONS = (
					"DEBUG=1",
					"$(inherited)",
				);
				GCC_WARN_64_TO_32_BIT_CONVERSION = YES;
				GCC_WARN_ABOUT_RETURN_TYPE = YES_ERROR;
				GCC_WARN_UNDECLARED_SELECTOR = YES;
				GCC_WARN_UNINITIALIZED_AUTOS = YES_AGGRESSIVE;
				GCC_WARN_UNUSED_FUNCTION = YES;
				GCC_WARN_UNUSED_VARIABLE = YES;
				IPHONEOS_DEPLOYMENT_TARGET = 16.4;
				MTL_ENABLE_DEBUG_INFO = INCLUDE_SOURCE;
				MTL_FAST_MATH = YES;
				ONLY_ACTIVE_ARCH = YES;
				SDKROOT = iphoneos;
				SWIFT_ACTIVE_COMPILATION_CONDITIONS = DEBUG;
				SWIFT_OPTIMIZATION_LEVEL = "-Onone";
			};
			name = Debug;
		};
		CD66605A2A2CC7FC0057F70F /* Release */ = {
			isa = XCBuildConfiguration;
			buildSettings = {
				ALWAYS_SEARCH_USER_PATHS = NO;
				CLANG_ANALYZER_NONNULL = YES;
				CLANG_ANALYZER_NUMBER_OBJECT_CONVERSION = YES_AGGRESSIVE;
				CLANG_CXX_LANGUAGE_STANDARD = "gnu++20";
				CLANG_ENABLE_MODULES = YES;
				CLANG_ENABLE_OBJC_ARC = YES;
				CLANG_ENABLE_OBJC_WEAK = YES;
				CLANG_WARN_BLOCK_CAPTURE_AUTORELEASING = YES;
				CLANG_WARN_BOOL_CONVERSION = YES;
				CLANG_WARN_COMMA = YES;
				CLANG_WARN_CONSTANT_CONVERSION = YES;
				CLANG_WARN_DEPRECATED_OBJC_IMPLEMENTATIONS = YES;
				CLANG_WARN_DIRECT_OBJC_ISA_USAGE = YES_ERROR;
				CLANG_WARN_DOCUMENTATION_COMMENTS = YES;
				CLANG_WARN_EMPTY_BODY = YES;
				CLANG_WARN_ENUM_CONVERSION = YES;
				CLANG_WARN_INFINITE_RECURSION = YES;
				CLANG_WARN_INT_CONVERSION = YES;
				CLANG_WARN_NON_LITERAL_NULL_CONVERSION = YES;
				CLANG_WARN_OBJC_IMPLICIT_RETAIN_SELF = YES;
				CLANG_WARN_OBJC_LITERAL_CONVERSION = YES;
				CLANG_WARN_OBJC_ROOT_CLASS = YES_ERROR;
				CLANG_WARN_QUOTED_INCLUDE_IN_FRAMEWORK_HEADER = YES;
				CLANG_WARN_RANGE_LOOP_ANALYSIS = YES;
				CLANG_WARN_STRICT_PROTOTYPES = YES;
				CLANG_WARN_SUSPICIOUS_MOVE = YES;
				CLANG_WARN_UNGUARDED_AVAILABILITY = YES_AGGRESSIVE;
				CLANG_WARN_UNREACHABLE_CODE = YES;
				CLANG_WARN__DUPLICATE_METHOD_MATCH = YES;
				COPY_PHASE_STRIP = NO;
				DEBUG_INFORMATION_FORMAT = "dwarf-with-dsym";
				ENABLE_NS_ASSERTIONS = NO;
				ENABLE_STRICT_OBJC_MSGSEND = YES;
				GCC_C_LANGUAGE_STANDARD = gnu11;
				GCC_NO_COMMON_BLOCKS = YES;
				GCC_WARN_64_TO_32_BIT_CONVERSION = YES;
				GCC_WARN_ABOUT_RETURN_TYPE = YES_ERROR;
				GCC_WARN_UNDECLARED_SELECTOR = YES;
				GCC_WARN_UNINITIALIZED_AUTOS = YES_AGGRESSIVE;
				GCC_WARN_UNUSED_FUNCTION = YES;
				GCC_WARN_UNUSED_VARIABLE = YES;
				IPHONEOS_DEPLOYMENT_TARGET = 16.4;
				MTL_ENABLE_DEBUG_INFO = NO;
				MTL_FAST_MATH = YES;
				SDKROOT = iphoneos;
				SWIFT_COMPILATION_MODE = wholemodule;
				SWIFT_OPTIMIZATION_LEVEL = "-O";
				VALIDATE_PRODUCT = YES;
			};
			name = Release;
		};
		CD66605C2A2CC7FC0057F70F /* Debug */ = {
			isa = XCBuildConfiguration;
			buildSettings = {
				ASSETCATALOG_COMPILER_APPICON_NAME = AppIcon;
				ASSETCATALOG_COMPILER_GLOBAL_ACCENT_COLOR_NAME = AccentColor;
				CODE_SIGN_STYLE = Automatic;
				CURRENT_PROJECT_VERSION = 1;
				GENERATE_INFOPLIST_FILE = YES;
				INFOPLIST_FILE = ABNLocationsApp/Info.plist;
				INFOPLIST_KEY_UIApplicationSupportsIndirectInputEvents = YES;
				INFOPLIST_KEY_UILaunchStoryboardName = LaunchScreen;
				INFOPLIST_KEY_UISupportedInterfaceOrientations_iPad = "UIInterfaceOrientationPortrait UIInterfaceOrientationPortraitUpsideDown UIInterfaceOrientationLandscapeLeft UIInterfaceOrientationLandscapeRight";
				INFOPLIST_KEY_UISupportedInterfaceOrientations_iPhone = "UIInterfaceOrientationPortrait UIInterfaceOrientationLandscapeLeft UIInterfaceOrientationLandscapeRight";
				LD_RUNPATH_SEARCH_PATHS = (
					"$(inherited)",
					"@executable_path/Frameworks",
				);
				MARKETING_VERSION = 1.0;
				PRODUCT_BUNDLE_IDENTIFIER = com.test.ABNLocationsApp;
				PRODUCT_NAME = "$(TARGET_NAME)";
				SWIFT_EMIT_LOC_STRINGS = YES;
				SWIFT_VERSION = 5.0;
				TARGETED_DEVICE_FAMILY = "1,2";
			};
			name = Debug;
		};
		CD66605D2A2CC7FC0057F70F /* Release */ = {
			isa = XCBuildConfiguration;
			buildSettings = {
				ASSETCATALOG_COMPILER_APPICON_NAME = AppIcon;
				ASSETCATALOG_COMPILER_GLOBAL_ACCENT_COLOR_NAME = AccentColor;
				CODE_SIGN_STYLE = Automatic;
				CURRENT_PROJECT_VERSION = 1;
				GENERATE_INFOPLIST_FILE = YES;
				INFOPLIST_FILE = ABNLocationsApp/Info.plist;
				INFOPLIST_KEY_UIApplicationSupportsIndirectInputEvents = YES;
				INFOPLIST_KEY_UILaunchStoryboardName = LaunchScreen;
				INFOPLIST_KEY_UISupportedInterfaceOrientations_iPad = "UIInterfaceOrientationPortrait UIInterfaceOrientationPortraitUpsideDown UIInterfaceOrientationLandscapeLeft UIInterfaceOrientationLandscapeRight";
				INFOPLIST_KEY_UISupportedInterfaceOrientations_iPhone = "UIInterfaceOrientationPortrait UIInterfaceOrientationLandscapeLeft UIInterfaceOrientationLandscapeRight";
				LD_RUNPATH_SEARCH_PATHS = (
					"$(inherited)",
					"@executable_path/Frameworks",
				);
				MARKETING_VERSION = 1.0;
				PRODUCT_BUNDLE_IDENTIFIER = com.test.ABNLocationsApp;
				PRODUCT_NAME = "$(TARGET_NAME)";
				SWIFT_EMIT_LOC_STRINGS = YES;
				SWIFT_VERSION = 5.0;
				TARGETED_DEVICE_FAMILY = "1,2";
			};
			name = Release;
		};
		CD66605F2A2CC7FC0057F70F /* Debug */ = {
			isa = XCBuildConfiguration;
			buildSettings = {
				ALWAYS_EMBED_SWIFT_STANDARD_LIBRARIES = YES;
				BUNDLE_LOADER = "$(TEST_HOST)";
				CODE_SIGN_STYLE = Automatic;
				CURRENT_PROJECT_VERSION = 1;
				GENERATE_INFOPLIST_FILE = YES;
				IPHONEOS_DEPLOYMENT_TARGET = 16.4;
				MARKETING_VERSION = 1.0;
				PRODUCT_BUNDLE_IDENTIFIER = com.test.ABNLocationsAppTests;
				PRODUCT_NAME = "$(TARGET_NAME)";
				SWIFT_EMIT_LOC_STRINGS = NO;
				SWIFT_VERSION = 5.0;
				TARGETED_DEVICE_FAMILY = "1,2";
				TEST_HOST = "$(BUILT_PRODUCTS_DIR)/ABNLocationsApp.app/$(BUNDLE_EXECUTABLE_FOLDER_PATH)/ABNLocationsApp";
			};
			name = Debug;
		};
		CD6660602A2CC7FC0057F70F /* Release */ = {
			isa = XCBuildConfiguration;
			buildSettings = {
				ALWAYS_EMBED_SWIFT_STANDARD_LIBRARIES = YES;
				BUNDLE_LOADER = "$(TEST_HOST)";
				CODE_SIGN_STYLE = Automatic;
				CURRENT_PROJECT_VERSION = 1;
				GENERATE_INFOPLIST_FILE = YES;
				IPHONEOS_DEPLOYMENT_TARGET = 16.4;
				MARKETING_VERSION = 1.0;
				PRODUCT_BUNDLE_IDENTIFIER = com.test.ABNLocationsAppTests;
				PRODUCT_NAME = "$(TARGET_NAME)";
				SWIFT_EMIT_LOC_STRINGS = NO;
				SWIFT_VERSION = 5.0;
				TARGETED_DEVICE_FAMILY = "1,2";
				TEST_HOST = "$(BUILT_PRODUCTS_DIR)/ABNLocationsApp.app/$(BUNDLE_EXECUTABLE_FOLDER_PATH)/ABNLocationsApp";
			};
			name = Release;
		};
/* End XCBuildConfiguration section */

/* Begin XCConfigurationList section */
		CD66602C2A2CC7FA0057F70F /* Build configuration list for PBXProject "ABNLocationsApp" */ = {
			isa = XCConfigurationList;
			buildConfigurations = (
				CD6660592A2CC7FC0057F70F /* Debug */,
				CD66605A2A2CC7FC0057F70F /* Release */,
			);
			defaultConfigurationIsVisible = 0;
			defaultConfigurationName = Release;
		};
		CD66605B2A2CC7FC0057F70F /* Build configuration list for PBXNativeTarget "ABNLocationsApp" */ = {
			isa = XCConfigurationList;
			buildConfigurations = (
				CD66605C2A2CC7FC0057F70F /* Debug */,
				CD66605D2A2CC7FC0057F70F /* Release */,
			);
			defaultConfigurationIsVisible = 0;
			defaultConfigurationName = Release;
		};
		CD66605E2A2CC7FC0057F70F /* Build configuration list for PBXNativeTarget "ABNLocationsAppTests" */ = {
			isa = XCConfigurationList;
			buildConfigurations = (
				CD66605F2A2CC7FC0057F70F /* Debug */,
				CD6660602A2CC7FC0057F70F /* Release */,
			);
			defaultConfigurationIsVisible = 0;
			defaultConfigurationName = Release;
		};
/* End XCConfigurationList section */
	};
	rootObject = CD6660292A2CC7FA0057F70F /* Project object */;
}
